// !$*UTF8*$!
{
	archiveVersion = 1;
	classes = {
	};
	objectVersion = 56;
	objects = {

/* Begin PBXBuildFile section */
		629D84092BC1313E00677998 /* AppleMetalLearnApp.swift in Sources */ = {isa = PBXBuildFile; fileRef = 629D84082BC1313E00677998 /* AppleMetalLearnApp.swift */; };
		629D840D2BC1313F00677998 /* Assets.xcassets in Resources */ = {isa = PBXBuildFile; fileRef = 629D840C2BC1313F00677998 /* Assets.xcassets */; };
		629D84102BC1313F00677998 /* Preview Assets.xcassets in Resources */ = {isa = PBXBuildFile; fileRef = 629D840F2BC1313F00677998 /* Preview Assets.xcassets */; };
		629D84122BC1313F00677998 /* Persistence.swift in Sources */ = {isa = PBXBuildFile; fileRef = 629D84112BC1313F00677998 /* Persistence.swift */; };
		629D84152BC1313F00677998 /* AppleMetalLearn.xcdatamodeld in Sources */ = {isa = PBXBuildFile; fileRef = 629D84132BC1313F00677998 /* AppleMetalLearn.xcdatamodeld */; };
		62C631272BC9D8AA00F90378 /* Camera.swift in Sources */ = {isa = PBXBuildFile; fileRef = 62C631262BC9D8AA00F90378 /* Camera.swift */; };
		62C6312A2BC9DE2300F90378 /* Movement.swift in Sources */ = {isa = PBXBuildFile; fileRef = 62C631292BC9DE2300F90378 /* Movement.swift */; };
		62D0EFE62BC728D5004BFD58 /* Model.swift in Sources */ = {isa = PBXBuildFile; fileRef = 62D0EFE52BC728D5004BFD58 /* Model.swift */; };
		62D0EFE82BC72925004BFD58 /* Mesh.swift in Sources */ = {isa = PBXBuildFile; fileRef = 62D0EFE72BC72925004BFD58 /* Mesh.swift */; };
		62D0EFEA2BC729AA004BFD58 /* Submesh.swift in Sources */ = {isa = PBXBuildFile; fileRef = 62D0EFE92BC729AA004BFD58 /* Submesh.swift */; };
		62D0EFED2BC73236004BFD58 /* TextureController.swift in Sources */ = {isa = PBXBuildFile; fileRef = 62D0EFEC2BC73236004BFD58 /* TextureController.swift */; };
		62E2A7B52BC2FEAD00E6C97A /* GameViewController.swift in Sources */ = {isa = PBXBuildFile; fileRef = 62E2A7B42BC2FEAD00E6C97A /* GameViewController.swift */; };
		62E2A7B72BC2FF5700E6C97A /* Renderer.swift in Sources */ = {isa = PBXBuildFile; fileRef = 62E2A7B62BC2FF5700E6C97A /* Renderer.swift */; };
		62EA6E932BC5DC400017991A /* Transform.swift in Sources */ = {isa = PBXBuildFile; fileRef = 62EA6E922BC5DC400017991A /* Transform.swift */; };
		62EA6E952BC5DD370017991A /* MathLibrary.swift in Sources */ = {isa = PBXBuildFile; fileRef = 62EA6E942BC5DD370017991A /* MathLibrary.swift */; };
/* End PBXBuildFile section */

/* Begin PBXFileReference section */
		629D84052BC1313E00677998 /* AppleMetalLearn.app */ = {isa = PBXFileReference; explicitFileType = wrapper.application; includeInIndex = 0; path = AppleMetalLearn.app; sourceTree = BUILT_PRODUCTS_DIR; };
		629D84082BC1313E00677998 /* AppleMetalLearnApp.swift */ = {isa = PBXFileReference; lastKnownFileType = sourcecode.swift; path = AppleMetalLearnApp.swift; sourceTree = "<group>"; };
		629D840C2BC1313F00677998 /* Assets.xcassets */ = {isa = PBXFileReference; lastKnownFileType = folder.assetcatalog; path = Assets.xcassets; sourceTree = "<group>"; };
		629D840F2BC1313F00677998 /* Preview Assets.xcassets */ = {isa = PBXFileReference; lastKnownFileType = folder.assetcatalog; path = "Preview Assets.xcassets"; sourceTree = "<group>"; };
		629D84112BC1313F00677998 /* Persistence.swift */ = {isa = PBXFileReference; lastKnownFileType = sourcecode.swift; path = Persistence.swift; sourceTree = "<group>"; };
		629D84142BC1313F00677998 /* AppleMetalLearn.xcdatamodel */ = {isa = PBXFileReference; lastKnownFileType = wrapper.xcdatamodel; path = AppleMetalLearn.xcdatamodel; sourceTree = "<group>"; };
		62C631262BC9D8AA00F90378 /* Camera.swift */ = {isa = PBXFileReference; lastKnownFileType = sourcecode.swift; path = Camera.swift; sourceTree = "<group>"; };
		62C631292BC9DE2300F90378 /* Movement.swift */ = {isa = PBXFileReference; lastKnownFileType = sourcecode.swift; path = Movement.swift; sourceTree = "<group>"; };
		62D0EFE52BC728D5004BFD58 /* Model.swift */ = {isa = PBXFileReference; lastKnownFileType = sourcecode.swift; path = Model.swift; sourceTree = "<group>"; };
		62D0EFE72BC72925004BFD58 /* Mesh.swift */ = {isa = PBXFileReference; lastKnownFileType = sourcecode.swift; path = Mesh.swift; sourceTree = "<group>"; };
		62D0EFE92BC729AA004BFD58 /* Submesh.swift */ = {isa = PBXFileReference; lastKnownFileType = sourcecode.swift; path = Submesh.swift; sourceTree = "<group>"; };
		62D0EFEC2BC73236004BFD58 /* TextureController.swift */ = {isa = PBXFileReference; lastKnownFileType = sourcecode.swift; path = TextureController.swift; sourceTree = "<group>"; };
		62E2A7B42BC2FEAD00E6C97A /* GameViewController.swift */ = {isa = PBXFileReference; lastKnownFileType = sourcecode.swift; path = GameViewController.swift; sourceTree = "<group>"; };
		62E2A7B62BC2FF5700E6C97A /* Renderer.swift */ = {isa = PBXFileReference; lastKnownFileType = sourcecode.swift; path = Renderer.swift; sourceTree = "<group>"; };
		62E2A7B82BC302D800E6C97A /* ShaderTypes.h */ = {isa = PBXFileReference; lastKnownFileType = sourcecode.c.h; path = ShaderTypes.h; sourceTree = "<group>"; };
		62EA6E922BC5DC400017991A /* Transform.swift */ = {isa = PBXFileReference; lastKnownFileType = sourcecode.swift; path = Transform.swift; sourceTree = "<group>"; };
		62EA6E942BC5DD370017991A /* MathLibrary.swift */ = {isa = PBXFileReference; lastKnownFileType = sourcecode.swift; path = MathLibrary.swift; sourceTree = "<group>"; };
/* End PBXFileReference section */

/* Begin PBXFrameworksBuildPhase section */
		629D84022BC1313E00677998 /* Frameworks */ = {
			isa = PBXFrameworksBuildPhase;
			buildActionMask = 2147483647;
			files = (
			);
			runOnlyForDeploymentPostprocessing = 0;
		};
/* End PBXFrameworksBuildPhase section */

/* Begin PBXGroup section */
		629D83FC2BC1313E00677998 = {
			isa = PBXGroup;
			children = (
				629D84072BC1313E00677998 /* AppleMetalLearn */,
				629D84062BC1313E00677998 /* Products */,
			);
			sourceTree = "<group>";
		};
		629D84062BC1313E00677998 /* Products */ = {
			isa = PBXGroup;
			children = (
				629D84052BC1313E00677998 /* AppleMetalLearn.app */,
			);
			name = Products;
			sourceTree = "<group>";
		};
		629D84072BC1313E00677998 /* AppleMetalLearn */ = {
			isa = PBXGroup;
			children = (
				62C631282BC9DE0D00F90378 /* Input */,
				62C631232BC9D84E00F90378 /* Application */,
				62D0EFEB2BC7320E004BFD58 /* Textures */,
				62D0EFE22BC72795004BFD58 /* Utils */,
				62EA6E8F2BC5DC140017991A /* Model */,
				62E2A7B62BC2FF5700E6C97A /* Renderer.swift */,
				62E2A7B42BC2FEAD00E6C97A /* GameViewController.swift */,
				62E2A7B82BC302D800E6C97A /* ShaderTypes.h */,
				629D84082BC1313E00677998 /* AppleMetalLearnApp.swift */,
				629D840C2BC1313F00677998 /* Assets.xcassets */,
				629D84112BC1313F00677998 /* Persistence.swift */,
				629D84132BC1313F00677998 /* AppleMetalLearn.xcdatamodeld */,
				629D840E2BC1313F00677998 /* Preview Content */,
			);
			path = AppleMetalLearn;
			sourceTree = "<group>";
		};
		629D840E2BC1313F00677998 /* Preview Content */ = {
			isa = PBXGroup;
			children = (
				629D840F2BC1313F00677998 /* Preview Assets.xcassets */,
			);
			path = "Preview Content";
			sourceTree = "<group>";
		};
		62C631232BC9D84E00F90378 /* Application */ = {
			isa = PBXGroup;
			children = (
				62C631262BC9D8AA00F90378 /* Camera.swift */,
			);
			path = Application;
			sourceTree = "<group>";
		};
		62C631282BC9DE0D00F90378 /* Input */ = {
			isa = PBXGroup;
			children = (
				62C631292BC9DE2300F90378 /* Movement.swift */,
			);
			path = Input;
			sourceTree = "<group>";
		};
		62D0EFE22BC72795004BFD58 /* Utils */ = {
			isa = PBXGroup;
			children = (
				62EA6E942BC5DD370017991A /* MathLibrary.swift */,
			);
			path = Utils;
			sourceTree = "<group>";
		};
		62D0EFEB2BC7320E004BFD58 /* Textures */ = {
			isa = PBXGroup;
			children = (
				62D0EFEC2BC73236004BFD58 /* TextureController.swift */,
			);
			path = Textures;
			sourceTree = "<group>";
		};
		62EA6E8F2BC5DC140017991A /* Model */ = {
			isa = PBXGroup;
			children = (
				62EA6E922BC5DC400017991A /* Transform.swift */,
				62D0EFE52BC728D5004BFD58 /* Model.swift */,
				62D0EFE72BC72925004BFD58 /* Mesh.swift */,
				62D0EFE92BC729AA004BFD58 /* Submesh.swift */,
			);
			path = Model;
			sourceTree = "<group>";
		};
/* End PBXGroup section */

/* Begin PBXNativeTarget section */
		629D84042BC1313E00677998 /* AppleMetalLearn */ = {
			isa = PBXNativeTarget;
			buildConfigurationList = 629D84182BC1313F00677998 /* Build configuration list for PBXNativeTarget "AppleMetalLearn" */;
			buildPhases = (
				629D84012BC1313E00677998 /* Sources */,
				629D84022BC1313E00677998 /* Frameworks */,
				629D84032BC1313E00677998 /* Resources */,
			);
			buildRules = (
			);
			dependencies = (
			);
			name = AppleMetalLearn;
			productName = AppleMetalLearn;
			productReference = 629D84052BC1313E00677998 /* AppleMetalLearn.app */;
			productType = "com.apple.product-type.application";
		};
/* End PBXNativeTarget section */

/* Begin PBXProject section */
		629D83FD2BC1313E00677998 /* Project object */ = {
			isa = PBXProject;
			attributes = {
				BuildIndependentTargetsInParallel = 1;
				LastSwiftUpdateCheck = 1530;
				LastUpgradeCheck = 1530;
				TargetAttributes = {
					629D84042BC1313E00677998 = {
						CreatedOnToolsVersion = 15.3;
					};
				};
			};
			buildConfigurationList = 629D84002BC1313E00677998 /* Build configuration list for PBXProject "AppleMetalLearn" */;
			compatibilityVersion = "Xcode 14.0";
			developmentRegion = en;
			hasScannedForEncodings = 0;
			knownRegions = (
				en,
				Base,
			);
			mainGroup = 629D83FC2BC1313E00677998;
			productRefGroup = 629D84062BC1313E00677998 /* Products */;
			projectDirPath = "";
			projectRoot = "";
			targets = (
				629D84042BC1313E00677998 /* AppleMetalLearn */,
			);
		};
/* End PBXProject section */

/* Begin PBXResourcesBuildPhase section */
		629D84032BC1313E00677998 /* Resources */ = {
			isa = PBXResourcesBuildPhase;
			buildActionMask = 2147483647;
			files = (
				629D84102BC1313F00677998 /* Preview Assets.xcassets in Resources */,
				629D840D2BC1313F00677998 /* Assets.xcassets in Resources */,
			);
			runOnlyForDeploymentPostprocessing = 0;
		};
/* End PBXResourcesBuildPhase section */

/* Begin PBXSourcesBuildPhase section */
		629D84012BC1313E00677998 /* Sources */ = {
			isa = PBXSourcesBuildPhase;
			buildActionMask = 2147483647;
			files = (
				62E2A7B52BC2FEAD00E6C97A /* GameViewController.swift in Sources */,
				62EA6E952BC5DD370017991A /* MathLibrary.swift in Sources */,
				62D0EFED2BC73236004BFD58 /* TextureController.swift in Sources */,
				62C6312A2BC9DE2300F90378 /* Movement.swift in Sources */,
				629D84122BC1313F00677998 /* Persistence.swift in Sources */,
				62EA6E932BC5DC400017991A /* Transform.swift in Sources */,
				629D84092BC1313E00677998 /* AppleMetalLearnApp.swift in Sources */,
				62E2A7B72BC2FF5700E6C97A /* Renderer.swift in Sources */,
				62D0EFE82BC72925004BFD58 /* Mesh.swift in Sources */,
				62C631272BC9D8AA00F90378 /* Camera.swift in Sources */,
				62D0EFEA2BC729AA004BFD58 /* Submesh.swift in Sources */,
				629D84152BC1313F00677998 /* AppleMetalLearn.xcdatamodeld in Sources */,
				62D0EFE62BC728D5004BFD58 /* Model.swift in Sources */,
			);
			runOnlyForDeploymentPostprocessing = 0;
		};
/* End PBXSourcesBuildPhase section */

/* Begin XCBuildConfiguration section */
		629D84162BC1313F00677998 /* Debug */ = {
			isa = XCBuildConfiguration;
			buildSettings = {
				ALWAYS_SEARCH_USER_PATHS = NO;
				ASSETCATALOG_COMPILER_GENERATE_SWIFT_ASSET_SYMBOL_EXTENSIONS = YES;
				CLANG_ANALYZER_NONNULL = YES;
				CLANG_ANALYZER_NUMBER_OBJECT_CONVERSION = YES_AGGRESSIVE;
				CLANG_CXX_LANGUAGE_STANDARD = "gnu++20";
				CLANG_ENABLE_MODULES = YES;
				CLANG_ENABLE_OBJC_ARC = YES;
				CLANG_ENABLE_OBJC_WEAK = YES;
				CLANG_WARN_BLOCK_CAPTURE_AUTORELEASING = YES;
				CLANG_WARN_BOOL_CONVERSION = YES;
				CLANG_WARN_COMMA = YES;
				CLANG_WARN_CONSTANT_CONVERSION = YES;
				CLANG_WARN_DEPRECATED_OBJC_IMPLEMENTATIONS = YES;
				CLANG_WARN_DIRECT_OBJC_ISA_USAGE = YES_ERROR;
				CLANG_WARN_DOCUMENTATION_COMMENTS = YES;
				CLANG_WARN_EMPTY_BODY = YES;
				CLANG_WARN_ENUM_CONVERSION = YES;
				CLANG_WARN_INFINITE_RECURSION = YES;
				CLANG_WARN_INT_CONVERSION = YES;
				CLANG_WARN_NON_LITERAL_NULL_CONVERSION = YES;
				CLANG_WARN_OBJC_IMPLICIT_RETAIN_SELF = YES;
				CLANG_WARN_OBJC_LITERAL_CONVERSION = YES;
				CLANG_WARN_OBJC_ROOT_CLASS = YES_ERROR;
				CLANG_WARN_QUOTED_INCLUDE_IN_FRAMEWORK_HEADER = YES;
				CLANG_WARN_RANGE_LOOP_ANALYSIS = YES;
				CLANG_WARN_STRICT_PROTOTYPES = YES;
				CLANG_WARN_SUSPICIOUS_MOVE = YES;
				CLANG_WARN_UNGUARDED_AVAILABILITY = YES_AGGRESSIVE;
				CLANG_WARN_UNREACHABLE_CODE = YES;
				CLANG_WARN__DUPLICATE_METHOD_MATCH = YES;
				COPY_PHASE_STRIP = NO;
				DEBUG_INFORMATION_FORMAT = dwarf;
				ENABLE_STRICT_OBJC_MSGSEND = YES;
				ENABLE_TESTABILITY = YES;
				ENABLE_USER_SCRIPT_SANDBOXING = YES;
				GCC_C_LANGUAGE_STANDARD = gnu17;
				GCC_DYNAMIC_NO_PIC = NO;
				GCC_NO_COMMON_BLOCKS = YES;
				GCC_OPTIMIZATION_LEVEL = 0;
				GCC_PREPROCESSOR_DEFINITIONS = (
					"DEBUG=1",
					"$(inherited)",
				);
				GCC_WARN_64_TO_32_BIT_CONVERSION = YES;
				GCC_WARN_ABOUT_RETURN_TYPE = YES_ERROR;
				GCC_WARN_UNDECLARED_SELECTOR = YES;
				GCC_WARN_UNINITIALIZED_AUTOS = YES_AGGRESSIVE;
				GCC_WARN_UNUSED_FUNCTION = YES;
				GCC_WARN_UNUSED_VARIABLE = YES;
				IPHONEOS_DEPLOYMENT_TARGET = 17.0;
				LOCALIZATION_PREFERS_STRING_CATALOGS = YES;
				MTL_ENABLE_DEBUG_INFO = INCLUDE_SOURCE;
				MTL_FAST_MATH = YES;
				ONLY_ACTIVE_ARCH = YES;
				SDKROOT = iphoneos;
				SWIFT_ACTIVE_COMPILATION_CONDITIONS = "DEBUG $(inherited)";
				SWIFT_OPTIMIZATION_LEVEL = "-Onone";
			};
			name = Debug;
		};
		629D84172BC1313F00677998 /* Release */ = {
			isa = XCBuildConfiguration;
			buildSettings = {
				ALWAYS_SEARCH_USER_PATHS = NO;
				ASSETCATALOG_COMPILER_GENERATE_SWIFT_ASSET_SYMBOL_EXTENSIONS = YES;
				CLANG_ANALYZER_NONNULL = YES;
				CLANG_ANALYZER_NUMBER_OBJECT_CONVERSION = YES_AGGRESSIVE;
				CLANG_CXX_LANGUAGE_STANDARD = "gnu++20";
				CLANG_ENABLE_MODULES = YES;
				CLANG_ENABLE_OBJC_ARC = YES;
				CLANG_ENABLE_OBJC_WEAK = YES;
				CLANG_WARN_BLOCK_CAPTURE_AUTORELEASING = YES;
				CLANG_WARN_BOOL_CONVERSION = YES;
				CLANG_WARN_COMMA = YES;
				CLANG_WARN_CONSTANT_CONVERSION = YES;
				CLANG_WARN_DEPRECATED_OBJC_IMPLEMENTATIONS = YES;
				CLANG_WARN_DIRECT_OBJC_ISA_USAGE = YES_ERROR;
				CLANG_WARN_DOCUMENTATION_COMMENTS = YES;
				CLANG_WARN_EMPTY_BODY = YES;
				CLANG_WARN_ENUM_CONVERSION = YES;
				CLANG_WARN_INFINITE_RECURSION = YES;
				CLANG_WARN_INT_CONVERSION = YES;
				CLANG_WARN_NON_LITERAL_NULL_CONVERSION = YES;
				CLANG_WARN_OBJC_IMPLICIT_RETAIN_SELF = YES;
				CLANG_WARN_OBJC_LITERAL_CONVERSION = YES;
				CLANG_WARN_OBJC_ROOT_CLASS = YES_ERROR;
				CLANG_WARN_QUOTED_INCLUDE_IN_FRAMEWORK_HEADER = YES;
				CLANG_WARN_RANGE_LOOP_ANALYSIS = YES;
				CLANG_WARN_STRICT_PROTOTYPES = YES;
				CLANG_WARN_SUSPICIOUS_MOVE = YES;
				CLANG_WARN_UNGUARDED_AVAILABILITY = YES_AGGRESSIVE;
				CLANG_WARN_UNREACHABLE_CODE = YES;
				CLANG_WARN__DUPLICATE_METHOD_MATCH = YES;
				COPY_PHASE_STRIP = NO;
				DEBUG_INFORMATION_FORMAT = "dwarf-with-dsym";
				ENABLE_NS_ASSERTIONS = NO;
				ENABLE_STRICT_OBJC_MSGSEND = YES;
				ENABLE_USER_SCRIPT_SANDBOXING = YES;
				GCC_C_LANGUAGE_STANDARD = gnu17;
				GCC_NO_COMMON_BLOCKS = YES;
				GCC_WARN_64_TO_32_BIT_CONVERSION = YES;
				GCC_WARN_ABOUT_RETURN_TYPE = YES_ERROR;
				GCC_WARN_UNDECLARED_SELECTOR = YES;
				GCC_WARN_UNINITIALIZED_AUTOS = YES_AGGRESSIVE;
				GCC_WARN_UNUSED_FUNCTION = YES;
				GCC_WARN_UNUSED_VARIABLE = YES;
				IPHONEOS_DEPLOYMENT_TARGET = 17.0;
				LOCALIZATION_PREFERS_STRING_CATALOGS = YES;
				MTL_ENABLE_DEBUG_INFO = NO;
				MTL_FAST_MATH = YES;
				SDKROOT = iphoneos;
				SWIFT_COMPILATION_MODE = wholemodule;
				VALIDATE_PRODUCT = YES;
			};
			name = Release;
		};
		629D84192BC1313F00677998 /* Debug */ = {
			isa = XCBuildConfiguration;
			buildSettings = {
				ASSETCATALOG_COMPILER_APPICON_NAME = AppIcon;
				ASSETCATALOG_COMPILER_GLOBAL_ACCENT_COLOR_NAME = AccentColor;
				CODE_SIGN_STYLE = Automatic;
				CURRENT_PROJECT_VERSION = 1;
				DEVELOPMENT_ASSET_PATHS = "\"AppleMetalLearn/Preview Content\"";
				DEVELOPMENT_TEAM = LZ3YP8ARM7;
				ENABLE_PREVIEWS = YES;
				GENERATE_INFOPLIST_FILE = YES;
				INFOPLIST_KEY_CFBundleDisplayName = Kintsugi;
				INFOPLIST_KEY_LSApplicationCategoryType = "public.app-category.games";
				INFOPLIST_KEY_UIApplicationSceneManifest_Generation = YES;
				INFOPLIST_KEY_UIApplicationSupportsIndirectInputEvents = YES;
				INFOPLIST_KEY_UILaunchScreen_Generation = YES;
				INFOPLIST_KEY_UISupportedInterfaceOrientations = UIInterfaceOrientationPortrait;
				IPHONEOS_DEPLOYMENT_TARGET = 17.0;
				LD_RUNPATH_SEARCH_PATHS = (
					"$(inherited)",
					"@executable_path/Frameworks",
				);
				MARKETING_VERSION = 1.0;
				PRODUCT_BUNDLE_IDENTIFIER = com.DefaultCompany.AppleMetalLearn;
				PRODUCT_NAME = "$(TARGET_NAME)";
				SUPPORTED_PLATFORMS = "iphonesimulator iphoneos";
				SUPPORTS_MACCATALYST = NO;
				SUPPORTS_MAC_DESIGNED_FOR_IPHONE_IPAD = NO;
				SWIFT_EMIT_LOC_STRINGS = YES;
				SWIFT_OBJC_BRIDGING_HEADER = AppleMetalLearn/ShaderTypes.h;
				SWIFT_VERSION = 5.0;
				TARGETED_DEVICE_FAMILY = "1,2";
			};
			name = Debug;
		};
		629D841A2BC1313F00677998 /* Release */ = {
			isa = XCBuildConfiguration;
			buildSettings = {
				ASSETCATALOG_COMPILER_APPICON_NAME = AppIcon;
				ASSETCATALOG_COMPILER_GLOBAL_ACCENT_COLOR_NAME = AccentColor;
				CODE_SIGN_STYLE = Automatic;
				CURRENT_PROJECT_VERSION = 1;
				DEVELOPMENT_ASSET_PATHS = "\"AppleMetalLearn/Preview Content\"";
				DEVELOPMENT_TEAM = LZ3YP8ARM7;
				ENABLE_PREVIEWS = YES;
				GENERATE_INFOPLIST_FILE = YES;
				INFOPLIST_KEY_CFBundleDisplayName = Kintsugi;
				INFOPLIST_KEY_LSApplicationCategoryType = "public.app-category.games";
				INFOPLIST_KEY_UIApplicationSceneManifest_Generation = YES;
				INFOPLIST_KEY_UIApplicationSupportsIndirectInputEvents = YES;
				INFOPLIST_KEY_UILaunchScreen_Generation = YES;
				INFOPLIST_KEY_UISupportedInterfaceOrientations = UIInterfaceOrientationPortrait;
				IPHONEOS_DEPLOYMENT_TARGET = 17.0;
				LD_RUNPATH_SEARCH_PATHS = (
					"$(inherited)",
					"@executable_path/Frameworks",
				);
				MARKETING_VERSION = 1.0;
				PRODUCT_BUNDLE_IDENTIFIER = com.DefaultCompany.AppleMetalLearn;
				PRODUCT_NAME = "$(TARGET_NAME)";
				SUPPORTED_PLATFORMS = "iphonesimulator iphoneos";
				SUPPORTS_MACCATALYST = NO;
				SUPPORTS_MAC_DESIGNED_FOR_IPHONE_IPAD = NO;
				SWIFT_EMIT_LOC_STRINGS = YES;
				SWIFT_OBJC_BRIDGING_HEADER = AppleMetalLearn/ShaderTypes.h;
				"SWIFT_OBJC_BRIDGING_HEADER[arch=*]" = "";
				SWIFT_VERSION = 5.0;
				TARGETED_DEVICE_FAMILY = "1,2";
			};
			name = Release;
		};
/* End XCBuildConfiguration section */

/* Begin XCConfigurationList section */
		629D84002BC1313E00677998 /* Build configuration list for PBXProject "AppleMetalLearn" */ = {
			isa = XCConfigurationList;
			buildConfigurations = (
				629D84162BC1313F00677998 /* Debug */,
				629D84172BC1313F00677998 /* Release */,
			);
			defaultConfigurationIsVisible = 0;
			defaultConfigurationName = Release;
		};
		629D84182BC1313F00677998 /* Build configuration list for PBXNativeTarget "AppleMetalLearn" */ = {
			isa = XCConfigurationList;
			buildConfigurations = (
				629D84192BC1313F00677998 /* Debug */,
				629D841A2BC1313F00677998 /* Release */,
			);
			defaultConfigurationIsVisible = 0;
			defaultConfigurationName = Release;
		};
/* End XCConfigurationList section */

/* Begin XCVersionGroup section */
		629D84132BC1313F00677998 /* AppleMetalLearn.xcdatamodeld */ = {
			isa = XCVersionGroup;
			children = (
				629D84142BC1313F00677998 /* AppleMetalLearn.xcdatamodel */,
			);
			currentVersion = 629D84142BC1313F00677998 /* AppleMetalLearn.xcdatamodel */;
			path = AppleMetalLearn.xcdatamodeld;
			sourceTree = "<group>";
			versionGroupType = wrapper.xcdatamodel;
		};
/* End XCVersionGroup section */
	};
	rootObject = 629D83FD2BC1313E00677998 /* Project object */;
}
